
Microsoft Visual Studio Solution File, Format Version 12.00
# Visual Studio Version 17
VisualStudioVersion = 17.7.34031.279
MinimumVisualStudioVersion = 10.0.40219.1
Project("{9A19103F-16F7-4668-BE54-9A1E7A4F7556}") = "CalculateShapeArea", "CalculateShapeArea\CalculateShapeArea.csproj", "{3A0AFF31-1078-4A9F-A4E5-8B4AA6686B7F}"
EndProject
Project("{FAE04EC0-301F-11D3-BF4B-00C04F79EFBC}") = "CalculateShapeAreaTest", "CalculateShapeAreaTest\CalculateShapeAreaTest.csproj", "{C48945D0-2D59-4B2A-8BA9-FFF86DA97127}"
EndProject
Global
	GlobalSection(SolutionConfigurationPlatforms) = preSolution
		Debug|Any CPU = Debug|Any CPU
		Release|Any CPU = Release|Any CPU
	EndGlobalSection
	GlobalSection(ProjectConfigurationPlatforms) = postSolution
		{3A0AFF31-1078-4A9F-A4E5-8B4AA6686B7F}.Debug|Any CPU.ActiveCfg = Debug|Any CPU
		{3A0AFF31-1078-4A9F-A4E5-8B4AA6686B7F}.Debug|Any CPU.Build.0 = Debug|Any CPU
		{3A0AFF31-1078-4A9F-A4E5-8B4AA6686B7F}.Release|Any CPU.ActiveCfg = Release|Any CPU
		{3A0AFF31-1078-4A9F-A4E5-8B4AA6686B7F}.Release|Any CPU.Build.0 = Release|Any CPU
		{C48945D0-2D59-4B2A-8BA9-FFF86DA97127}.Debug|Any CPU.ActiveCfg = Debug|Any CPU
		{C48945D0-2D59-4B2A-8BA9-FFF86DA97127}.Debug|Any CPU.Build.0 = Debug|Any CPU
		{C48945D0-2D59-4B2A-8BA9-FFF86DA97127}.Release|Any CPU.ActiveCfg = Release|Any CPU
		{C48945D0-2D59-4B2A-8BA9-FFF86DA97127}.Release|Any CPU.Build.0 = Release|Any CPU
	EndGlobalSection
	GlobalSection(SolutionProperties) = preSolution
		HideSolutionNode = FALSE
	EndGlobalSection
	GlobalSection(ExtensibilityGlobals) = postSolution
		SolutionGuid = {932958E9-CBD7-4602-9ED2-D4E94A334442}
	EndGlobalSection
EndGlobal
